
Microsoft Visual Studio Solution File, Format Version 12.00
# Visual Studio Version 17
VisualStudioVersion = 17.14.36221.1
MinimumVisualStudioVersion = 10.0.40219.1
Project("{FAE04EC0-301F-11D3-BF4B-00C04F79EFBC}") = "Calculator", "Calculator.csproj", "{0635676B-151E-4BE6-ADFF-E5F07A391238}"
EndProject
Project("{FAE04EC0-301F-11D3-BF4B-00C04F79EFBC}") = "ConsoleCalci", "..\ConsoleCalci\ConsoleCalci.csproj", "{3187E46F-1F91-4BD6-831E-030A392C2C60}"
EndProject
Project("{FAE04EC0-301F-11D3-BF4B-00C04F79EFBC}") = "CalculatorTests", "..\CalculatorTests\CalculatorTests.csproj", "{6FFAD961-099B-4A37-8413-1CA9CEDEEF4D}"
EndProject
Global
	GlobalSection(SolutionConfigurationPlatforms) = preSolution
		Debug|Any CPU = Debug|Any CPU
		Release|Any CPU = Release|Any CPU
	EndGlobalSection
	GlobalSection(ProjectConfigurationPlatforms) = postSolution
		{0635676B-151E-4BE6-ADFF-E5F07A391238}.Debug|Any CPU.ActiveCfg = Debug|Any CPU
		{0635676B-151E-4BE6-ADFF-E5F07A391238}.Debug|Any CPU.Build.0 = Debug|Any CPU
		{0635676B-151E-4BE6-ADFF-E5F07A391238}.Release|Any CPU.ActiveCfg = Release|Any CPU
		{0635676B-151E-4BE6-ADFF-E5F07A391238}.Release|Any CPU.Build.0 = Release|Any CPU
		{3187E46F-1F91-4BD6-831E-030A392C2C60}.Debug|Any CPU.ActiveCfg = Debug|Any CPU
		{3187E46F-1F91-4BD6-831E-030A392C2C60}.Debug|Any CPU.Build.0 = Debug|Any CPU
		{3187E46F-1F91-4BD6-831E-030A392C2C60}.Release|Any CPU.ActiveCfg = Release|Any CPU
		{3187E46F-1F91-4BD6-831E-030A392C2C60}.Release|Any CPU.Build.0 = Release|Any CPU
		{6FFAD961-099B-4A37-8413-1CA9CEDEEF4D}.Debug|Any CPU.ActiveCfg = Debug|Any CPU
		{6FFAD961-099B-4A37-8413-1CA9CEDEEF4D}.Debug|Any CPU.Build.0 = Debug|Any CPU
		{6FFAD961-099B-4A37-8413-1CA9CEDEEF4D}.Release|Any CPU.ActiveCfg = Release|Any CPU
		{6FFAD961-099B-4A37-8413-1CA9CEDEEF4D}.Release|Any CPU.Build.0 = Release|Any CPU
	EndGlobalSection
	GlobalSection(SolutionProperties) = preSolution
		HideSolutionNode = FALSE
	EndGlobalSection
	GlobalSection(ExtensibilityGlobals) = postSolution
		SolutionGuid = {792E84AD-C704-4F9F-8374-94CB90B0B5B8}
	EndGlobalSection
EndGlobal
